// !$*UTF8*$!
{
	archiveVersion = 1;
	classes = {
	};
	objectVersion = 56;
	objects = {

/* Begin PBXBuildFile section */
		300D53422F921E69005ED88E /* Sparkle in Frameworks */ = {isa = PBXBuildFile; productRef = 300D53412F921E69005ED88E /* Sparkle */; };
		A1000001253D000100000001 /* BartidyApp.swift in Sources */ = {isa = PBXBuildFile; fileRef = A1000002253D000100000001 /* BartidyApp.swift */; };
		A1000003253D000100000002 /* AppDelegate.swift in Sources */ = {isa = PBXBuildFile; fileRef = A1000004253D000100000002 /* AppDelegate.swift */; };
		A1000009253D000100000005 /* SettingsView.swift in Sources */ = {isa = PBXBuildFile; fileRef = A100000A253D000100000005 /* SettingsView.swift */; };
		A100000F253D000100000008 /* Assets.xcassets in Resources */ = {isa = PBXBuildFile; fileRef = A1000010253D000100000008 /* Assets.xcassets */; };
		C1000002253D000100000001 /* ControlItem.swift in Sources */ = {isa = PBXBuildFile; fileRef = C1000001253D000100000001 /* ControlItem.swift */; };
		C1000003253D000100000002 /* MenuBarManager.swift in Sources */ = {isa = PBXBuildFile; fileRef = C1000004253D000100000002 /* MenuBarManager.swift */; };
		F1A3BC0000DE48039930AAAA /* LaunchAtLoginService.swift in Sources */ = {isa = PBXBuildFile; fileRef = F1A3BC0000DE48039930BBBB /* LaunchAtLoginService.swift */; };
		T1000001253D000100000001 /* LaunchAtLoginServiceTests.swift in Sources */ = {isa = PBXBuildFile; fileRef = T1000002253D000100000001 /* LaunchAtLoginServiceTests.swift */; };
/* End PBXBuildFile section */

/* Begin PBXFileReference section */
		A1000000253D000000000000 /* Bartidy.app */ = {isa = PBXFileReference; explicitFileType = wrapper.application; includeInIndex = 0; path = Bartidy.app; sourceTree = BUILT_PRODUCTS_DIR; };
		A1000002253D000100000001 /* BartidyApp.swift */ = {isa = PBXFileReference; lastKnownFileType = sourcecode.swift; path = BartidyApp.swift; sourceTree = "<group>"; };
		A1000004253D000100000002 /* AppDelegate.swift */ = {isa = PBXFileReference; lastKnownFileType = sourcecode.swift; path = AppDelegate.swift; sourceTree = "<group>"; };
		A100000A253D000100000005 /* SettingsView.swift */ = {isa = PBXFileReference; lastKnownFileType = sourcecode.swift; path = SettingsView.swift; sourceTree = "<group>"; };
		A1000010253D000100000008 /* Assets.xcassets */ = {isa = PBXFileReference; lastKnownFileType = folder.assetcatalog; path = Assets.xcassets; sourceTree = "<group>"; };
		A1000011253D000100000009 /* Info.plist */ = {isa = PBXFileReference; lastKnownFileType = text.plist.xml; path = Info.plist; sourceTree = "<group>"; };
		B1000001253D000100000001 /* Bartidy-Bridging-Header.h */ = {isa = PBXFileReference; lastKnownFileType = sourcecode.c.h; path = "Bartidy-Bridging-Header.h"; sourceTree = "<group>"; };
		B1000002253D000100000002 /* CGSPrivate.h */ = {isa = PBXFileReference; lastKnownFileType = sourcecode.c.h; path = CGSPrivate.h; sourceTree = "<group>"; };
		C1000001253D000100000001 /* ControlItem.swift */ = {isa = PBXFileReference; lastKnownFileType = sourcecode.swift; path = ControlItem.swift; sourceTree = "<group>"; };
		C1000004253D000100000002 /* MenuBarManager.swift */ = {isa = PBXFileReference; lastKnownFileType = sourcecode.swift; path = MenuBarManager.swift; sourceTree = "<group>"; };
		F1A3BC0000DE48039930BBBB /* LaunchAtLoginService.swift */ = {isa = PBXFileReference; lastKnownFileType = sourcecode.swift; path = LaunchAtLoginService.swift; sourceTree = "<group>"; };
		T1000002253D000100000001 /* LaunchAtLoginServiceTests.swift */ = {isa = PBXFileReference; lastKnownFileType = sourcecode.swift; path = LaunchAtLoginServiceTests.swift; sourceTree = "<group>"; };
		T1000003253D000100000001 /* BartidyTests.xctest */ = {isa = PBXFileReference; explicitFileType = wrapper.cfbundle; includeInIndex = 0; path = BartidyTests.xctest; sourceTree = BUILT_PRODUCTS_DIR; };
/* End PBXFileReference section */

/* Begin PBXFrameworksBuildPhase section */
		A10000F0253D000000000000 /* Frameworks */ = {
			isa = PBXFrameworksBuildPhase;
			buildActionMask = 2147483647;
			files = (
				300D53422F921E69005ED88E /* Sparkle in Frameworks */,
			);
			runOnlyForDeploymentPostprocessing = 0;
		};
		T10000F0253D000000000000 /* Frameworks */ = {
			isa = PBXFrameworksBuildPhase;
			buildActionMask = 2147483647;
			files = (
			);
			runOnlyForDeploymentPostprocessing = 0;
		};
/* End PBXFrameworksBuildPhase section */

/* Begin PBXGroup section */
		300D53402F921E69005ED88E /* Frameworks */ = {
			isa = PBXGroup;
			children = (
			);
			name = Frameworks;
			sourceTree = "<group>";
		};
		A10000E0253D000000000000 = {
			isa = PBXGroup;
			children = (
				A10000E1253D000000000000 /* Bartidy */,
				T10000E0253D000000000000 /* BartidyTests */,
				300D53402F921E69005ED88E /* Frameworks */,
				A10000E2253D000000000000 /* Products */,
			);
			sourceTree = "<group>";
		};
		A10000E1253D000000000000 /* Bartidy */ = {
			isa = PBXGroup;
			children = (
				A10000E3253D000000000000 /* App */,
				A10000E4253D000000000000 /* Models */,
				A10000E5253D000000000000 /* Views */,
				A10000E6253D000000000000 /* ViewModels */,
				A10000E9253D000000000000 /* Services */,
				C10000E0253D000000000000 /* MenuBar */,
				B10000E0253D000000000000 /* Bridging */,
				A10000E7253D000000000000 /* Resources */,
				A1000011253D000100000009 /* Info.plist */,
			);
			path = Bartidy;
			sourceTree = "<group>";
		};
		A10000E2253D000000000000 /* Products */ = {
			isa = PBXGroup;
			children = (
				A1000000253D000000000000 /* Bartidy.app */,
				T1000003253D000100000001 /* BartidyTests.xctest */,
			);
			name = Products;
			sourceTree = "<group>";
		};
		A10000E3253D000000000000 /* App */ = {
			isa = PBXGroup;
			children = (
				A1000002253D000100000001 /* BartidyApp.swift */,
				A1000004253D000100000002 /* AppDelegate.swift */,
			);
			path = App;
			sourceTree = "<group>";
		};
		A10000E4253D000000000000 /* Models */ = {
			isa = PBXGroup;
			children = (
			);
			path = Models;
			sourceTree = "<group>";
		};
		A10000E5253D000000000000 /* Views */ = {
			isa = PBXGroup;
			children = (
				A100000A253D000100000005 /* SettingsView.swift */,
				A10000E8253D000000000000 /* Components */,
			);
			path = Views;
			sourceTree = "<group>";
		};
		A10000E6253D000000000000 /* ViewModels */ = {
			isa = PBXGroup;
			children = (
			);
			path = ViewModels;
			sourceTree = "<group>";
		};
		A10000E7253D000000000000 /* Resources */ = {
			isa = PBXGroup;
			children = (
				A1000010253D000100000008 /* Assets.xcassets */,
			);
			path = Resources;
			sourceTree = "<group>";
		};
		A10000E8253D000000000000 /* Components */ = {
			isa = PBXGroup;
			children = (
			);
			path = Components;
			sourceTree = "<group>";
		};
		A10000E9253D000000000000 /* Services */ = {
			isa = PBXGroup;
			children = (
				F1A3BC0000DE48039930BBBB /* LaunchAtLoginService.swift */,
			);
			path = Services;
			sourceTree = "<group>";
		};
		B10000E0253D000000000000 /* Bridging */ = {
			isa = PBXGroup;
			children = (
				B1000001253D000100000001 /* Bartidy-Bridging-Header.h */,
				B1000002253D000100000002 /* CGSPrivate.h */,
			);
			path = Bridging;
			sourceTree = "<group>";
		};
		C10000E0253D000000000000 /* MenuBar */ = {
			isa = PBXGroup;
			children = (
				C1000001253D000100000001 /* ControlItem.swift */,
				C1000004253D000100000002 /* MenuBarManager.swift */,
			);
			path = MenuBar;
			sourceTree = "<group>";
		};
		T10000E0253D000000000000 /* BartidyTests */ = {
			isa = PBXGroup;
			children = (
				T1000002253D000100000001 /* LaunchAtLoginServiceTests.swift */,
			);
			path = BartidyTests;
			sourceTree = "<group>";
		};
/* End PBXGroup section */

/* Begin PBXNativeTarget section */
		A10000FF253D000000000000 /* Bartidy */ = {
			isa = PBXNativeTarget;
			buildConfigurationList = A1000100253D000000000000 /* Build configuration list for PBXNativeTarget "Bartidy" */;
			buildPhases = (
				A10000F1253D000000000000 /* Sources */,
				A10000F0253D000000000000 /* Frameworks */,
				A10000F2253D000000000000 /* Resources */,
			);
			buildRules = (
			);
			dependencies = (
			);
			name = Bartidy;
			productName = Bartidy;
			productReference = A1000000253D000000000000 /* Bartidy.app */;
			productType = "com.apple.product-type.application";
		};
		T10000FF253D000000000000 /* BartidyTests */ = {
			isa = PBXNativeTarget;
			buildConfigurationList = T1000100253D000000000000 /* Build configuration list for PBXNativeTarget "BartidyTests" */;
			buildPhases = (
				T10000F1253D000000000000 /* Sources */,
				T10000F0253D000000000000 /* Frameworks */,
			);
			buildRules = (
			);
			dependencies = (
			);
			name = BartidyTests;
			productName = BartidyTests;
			productReference = T1000003253D000100000001 /* BartidyTests.xctest */;
			productType = "com.apple.product-type.bundle.unit-test";
		};
/* End PBXNativeTarget section */

/* Begin PBXProject section */
		A10000FE253D000000000000 /* Project object */ = {
			isa = PBXProject;
			attributes = {
				BuildIndependentTargetsInParallel = 1;
				LastSwiftUpdateCheck = 1500;
				LastUpgradeCheck = 1500;
				TargetAttributes = {
					A10000FF253D000000000000 = {
						CreatedOnToolsVersion = 15.0;
					};
					T10000FF253D000000000000 = {
						CreatedOnToolsVersion = 15.0;
						TestTargetID = A10000FF253D000000000000;
					};
				};
			};
			buildConfigurationList = A1000101253D000000000000 /* Build configuration list for PBXProject "Bartidy" */;
			compatibilityVersion = "Xcode 14.0";
			developmentRegion = en;
			hasScannedForEncodings = 0;
			knownRegions = (
				en,
				Base,
			);
			mainGroup = A10000E0253D000000000000;
			packageReferences = (
				300D533F2F921D1F005ED88E /* XCRemoteSwiftPackageReference "Sparkle" */,
			);
			productRefGroup = A10000E2253D000000000000 /* Products */;
			projectDirPath = "";
			projectRoot = "";
			targets = (
				A10000FF253D000000000000 /* Bartidy */,
				T10000FF253D000000000000 /* BartidyTests */,
			);
		};
/* End PBXProject section */

/* Begin PBXResourcesBuildPhase section */
		A10000F2253D000000000000 /* Resources */ = {
			isa = PBXResourcesBuildPhase;
			buildActionMask = 2147483647;
			files = (
				A100000F253D000100000008 /* Assets.xcassets in Resources */,
			);
			runOnlyForDeploymentPostprocessing = 0;
		};
/* End PBXResourcesBuildPhase section */

/* Begin PBXSourcesBuildPhase section */
		A10000F1253D000000000000 /* Sources */ = {
			isa = PBXSourcesBuildPhase;
			buildActionMask = 2147483647;
			files = (
				A1000001253D000100000001 /* BartidyApp.swift in Sources */,
				A1000003253D000100000002 /* AppDelegate.swift in Sources */,
				A1000009253D000100000005 /* SettingsView.swift in Sources */,
				F1A3BC0000DE48039930AAAA /* LaunchAtLoginService.swift in Sources */,
				C1000002253D000100000001 /* ControlItem.swift in Sources */,
				C1000003253D000100000002 /* MenuBarManager.swift in Sources */,
			);
			runOnlyForDeploymentPostprocessing = 0;
		};
		T10000F1253D000000000000 /* Sources */ = {
			isa = PBXSourcesBuildPhase;
			buildActionMask = 2147483647;
			files = (
				T1000001253D000100000001 /* LaunchAtLoginServiceTests.swift in Sources */,
			);
			runOnlyForDeploymentPostprocessing = 0;
		};
/* End PBXSourcesBuildPhase section */

/* Begin XCBuildConfiguration section */
		A1000102253D000000000000 /* Debug */ = {
			isa = XCBuildConfiguration;
			buildSettings = {
				ALWAYS_SEARCH_USER_PATHS = NO;
				ASSETCATALOG_COMPILER_GENERATE_SWIFT_ASSET_SYMBOL_EXTENSIONS = YES;
				CLANG_ANALYZER_NONNULL = YES;
				CLANG_ANALYZER_NUMBER_OBJECT_CONVERSION = YES_AGGRESSIVE;
				CLANG_CXX_LANGUAGE_STANDARD = "gnu++20";
				CLANG_ENABLE_MODULES = YES;
				CLANG_ENABLE_OBJC_ARC = YES;
				CLANG_ENABLE_OBJC_WEAK = YES;
				CLANG_WARN_BLOCK_CAPTURE_AUTORELEASING = YES;
				CLANG_WARN_BOOL_CONVERSION = YES;
				CLANG_WARN_COMMA = YES;
				CLANG_WARN_CONSTANT_CONVERSION = YES;
				CLANG_WARN_DEPRECATED_OBJC_IMPLEMENTATIONS = YES;
				CLANG_WARN_DIRECT_OBJC_ISA_USAGE = YES_ERROR;
				CLANG_WARN_DOCUMENTATION_COMMENTS = YES;
				CLANG_WARN_EMPTY_BODY = YES;
				CLANG_WARN_ENUM_CONVERSION = YES;
				CLANG_WARN_INFINITE_RECURSION = YES;
				CLANG_WARN_INT_CONVERSION = YES;
				CLANG_WARN_NON_LITERAL_NULL_CONVERSION = YES;
				CLANG_WARN_OBJC_IMPLICIT_RETAIN_SELF = YES;
				CLANG_WARN_OBJC_LITERAL_CONVERSION = YES;
				CLANG_WARN_OBJC_ROOT_CLASS = YES_ERROR;
				CLANG_WARN_QUOTED_INCLUDE_IN_FRAMEWORK_HEADER = YES;
				CLANG_WARN_RANGE_LOOP_ANALYSIS = YES;
				CLANG_WARN_STRICT_PROTOTYPES = YES;
				CLANG_WARN_SUSPICIOUS_MOVE = YES;
				CLANG_WARN_UNGUARDED_AVAILABILITY = YES_AGGRESSIVE;
				CLANG_WARN_UNREACHABLE_CODE = YES;
				CLANG_WARN__DUPLICATE_METHOD_MATCH = YES;
				COPY_PHASE_STRIP = NO;
				DEBUG_INFORMATION_FORMAT = dwarf;
				ENABLE_STRICT_OBJC_MSGSEND = YES;
				ENABLE_TESTABILITY = YES;
				ENABLE_USER_SCRIPT_SANDBOXING = YES;
				GCC_C_LANGUAGE_STANDARD = gnu17;
				GCC_DYNAMIC_NO_PIC = NO;
				GCC_NO_COMMON_BLOCKS = YES;
				GCC_OPTIMIZATION_LEVEL = 0;
				GCC_PREPROCESSOR_DEFINITIONS = (
					"DEBUG=1",
					"$(inherited)",
				);
				GCC_WARN_64_TO_32_BIT_CONVERSION = YES;
				GCC_WARN_ABOUT_RETURN_TYPE = YES_ERROR;
				GCC_WARN_UNDECLARED_SELECTOR = YES;
				GCC_WARN_UNINITIALIZED_AUTOS = YES_AGGRESSIVE;
				GCC_WARN_UNUSED_FUNCTION = YES;
				GCC_WARN_UNUSED_VARIABLE = YES;
				MACOSX_DEPLOYMENT_TARGET = 13.0;
				MTL_ENABLE_DEBUG_INFO = INCLUDE_SOURCE;
				MTL_FAST_MATH = YES;
				ONLY_ACTIVE_ARCH = YES;
				SDKROOT = macosx;
				SWIFT_ACTIVE_COMPILATION_CONDITIONS = "DEBUG $(inherited)";
				SWIFT_OPTIMIZATION_LEVEL = "-Onone";
			};
			name = Debug;
		};
		A1000103253D000000000000 /* Release */ = {
			isa = XCBuildConfiguration;
			buildSettings = {
				ALWAYS_SEARCH_USER_PATHS = NO;
				ASSETCATALOG_COMPILER_GENERATE_SWIFT_ASSET_SYMBOL_EXTENSIONS = YES;
				CLANG_ANALYZER_NONNULL = YES;
				CLANG_ANALYZER_NUMBER_OBJECT_CONVERSION = YES_AGGRESSIVE;
				CLANG_CXX_LANGUAGE_STANDARD = "gnu++20";
				CLANG_ENABLE_MODULES = YES;
				CLANG_ENABLE_OBJC_ARC = YES;
				CLANG_ENABLE_OBJC_WEAK = YES;
				CLANG_WARN_BLOCK_CAPTURE_AUTORELEASING = YES;
				CLANG_WARN_BOOL_CONVERSION = YES;
				CLANG_WARN_COMMA = YES;
				CLANG_WARN_CONSTANT_CONVERSION = YES;
				CLANG_WARN_DEPRECATED_OBJC_IMPLEMENTATIONS = YES;
				CLANG_WARN_DIRECT_OBJC_ISA_USAGE = YES_ERROR;
				CLANG_WARN_DOCUMENTATION_COMMENTS = YES;
				CLANG_WARN_EMPTY_BODY = YES;
				CLANG_WARN_ENUM_CONVERSION = YES;
				CLANG_WARN_INFINITE_RECURSION = YES;
				CLANG_WARN_INT_CONVERSION = YES;
				CLANG_WARN_NON_LITERAL_NULL_CONVERSION = YES;
				CLANG_WARN_OBJC_IMPLICIT_RETAIN_SELF = YES;
				CLANG_WARN_OBJC_LITERAL_CONVERSION = YES;
				CLANG_WARN_OBJC_ROOT_CLASS = YES_ERROR;
				CLANG_WARN_QUOTED_INCLUDE_IN_FRAMEWORK_HEADER = YES;
				CLANG_WARN_RANGE_LOOP_ANALYSIS = YES;
				CLANG_WARN_STRICT_PROTOTYPES = YES;
				CLANG_WARN_SUSPICIOUS_MOVE = YES;
				CLANG_WARN_UNGUARDED_AVAILABILITY = YES_AGGRESSIVE;
				CLANG_WARN_UNREACHABLE_CODE = YES;
				CLANG_WARN__DUPLICATE_METHOD_MATCH = YES;
				COPY_PHASE_STRIP = NO;
				DEBUG_INFORMATION_FORMAT = "dwarf-with-dsym";
				ENABLE_NS_ASSERTIONS = NO;
				ENABLE_STRICT_OBJC_MSGSEND = YES;
				ENABLE_USER_SCRIPT_SANDBOXING = YES;
				GCC_C_LANGUAGE_STANDARD = gnu17;
				GCC_NO_COMMON_BLOCKS = YES;
				GCC_WARN_64_TO_32_BIT_CONVERSION = YES;
				GCC_WARN_ABOUT_RETURN_TYPE = YES_ERROR;
				GCC_WARN_UNDECLARED_SELECTOR = YES;
				GCC_WARN_UNINITIALIZED_AUTOS = YES_AGGRESSIVE;
				GCC_WARN_UNUSED_FUNCTION = YES;
				GCC_WARN_UNUSED_VARIABLE = YES;
				MACOSX_DEPLOYMENT_TARGET = 13.0;
				MTL_ENABLE_DEBUG_INFO = NO;
				MTL_FAST_MATH = YES;
				SDKROOT = macosx;
				SWIFT_COMPILATION_MODE = wholemodule;
			};
			name = Release;
		};
		A1000104253D000000000000 /* Debug */ = {
			isa = XCBuildConfiguration;
			buildSettings = {
				ASSETCATALOG_COMPILER_APPICON_NAME = AppIcon;
				ASSETCATALOG_COMPILER_GLOBAL_ACCENT_COLOR_NAME = AccentColor;
				CODE_SIGN_ENTITLEMENTS = "";
				CODE_SIGN_STYLE = Automatic;
				COMBINE_HIDPI_IMAGES = YES;
				CURRENT_PROJECT_VERSION = 6;
				DEVELOPMENT_TEAM = 4Z683Z85XA;
				ENABLE_HARDENED_RUNTIME = YES;
				GENERATE_INFOPLIST_FILE = NO;
				INFOPLIST_FILE = Bartidy/Info.plist;
				INFOPLIST_KEY_LSApplicationCategoryType = "public.app-category.utilities";
				INFOPLIST_KEY_NSHumanReadableCopyright = "Copyright © 2024 Bartidy. All rights reserved.";
				LD_RUNPATH_SEARCH_PATHS = (
					"$(inherited)",
					"@executable_path/../Frameworks",
				);
				MARKETING_VERSION = 1.3.0;
				PRODUCT_BUNDLE_IDENTIFIER = com.raki1203.Bartidy;
				PRODUCT_NAME = "$(TARGET_NAME)";
				SWIFT_EMIT_LOC_STRINGS = YES;
				SWIFT_OBJC_BRIDGING_HEADER = "Bartidy/Bridging/Bartidy-Bridging-Header.h";
				SWIFT_VERSION = 5.0;
			};
			name = Debug;
		};
		A1000105253D000000000000 /* Release */ = {
			isa = XCBuildConfiguration;
			buildSettings = {
				ASSETCATALOG_COMPILER_APPICON_NAME = AppIcon;
				ASSETCATALOG_COMPILER_GLOBAL_ACCENT_COLOR_NAME = AccentColor;
				CODE_SIGN_ENTITLEMENTS = "";
				CODE_SIGN_STYLE = Automatic;
				COMBINE_HIDPI_IMAGES = YES;
				CURRENT_PROJECT_VERSION = 6;
				DEVELOPMENT_TEAM = 4Z683Z85XA;
				ENABLE_HARDENED_RUNTIME = YES;
				GENERATE_INFOPLIST_FILE = NO;
				INFOPLIST_FILE = Bartidy/Info.plist;
				INFOPLIST_KEY_LSApplicationCategoryType = "public.app-category.utilities";
				INFOPLIST_KEY_NSHumanReadableCopyright = "Copyright © 2024 Bartidy. All rights reserved.";
				LD_RUNPATH_SEARCH_PATHS = (
					"$(inherited)",
					"@executable_path/../Frameworks",
				);
				MARKETING_VERSION = 1.3.0;
				PRODUCT_BUNDLE_IDENTIFIER = com.raki1203.Bartidy;
				PRODUCT_NAME = "$(TARGET_NAME)";
				SWIFT_EMIT_LOC_STRINGS = YES;
				SWIFT_OBJC_BRIDGING_HEADER = "Bartidy/Bridging/Bartidy-Bridging-Header.h";
				SWIFT_VERSION = 5.0;
			};
			name = Release;
		};
		T1000104253D000000000000 /* Debug */ = {
			isa = XCBuildConfiguration;
			buildSettings = {
				CODE_SIGN_STYLE = Automatic;
				CURRENT_PROJECT_VERSION = 1;
				GENERATE_INFOPLIST_FILE = YES;
				MACOSX_DEPLOYMENT_TARGET = 13.0;
				MARKETING_VERSION = 1.0;
				PRODUCT_BUNDLE_IDENTIFIER = com.raki1203.BartidyTests;
				PRODUCT_NAME = "$(TARGET_NAME)";
				SDKROOT = macosx;
				SWIFT_VERSION = 5.0;
			};
			name = Debug;
		};
		T1000105253D000000000000 /* Release */ = {
			isa = XCBuildConfiguration;
			buildSettings = {
				CODE_SIGN_STYLE = Automatic;
				CURRENT_PROJECT_VERSION = 1;
				GENERATE_INFOPLIST_FILE = YES;
				MACOSX_DEPLOYMENT_TARGET = 13.0;
				MARKETING_VERSION = 1.0;
				PRODUCT_BUNDLE_IDENTIFIER = com.raki1203.BartidyTests;
				PRODUCT_NAME = "$(TARGET_NAME)";
				SDKROOT = macosx;
				SWIFT_VERSION = 5.0;
			};
			name = Release;
		};
/* End XCBuildConfiguration section */

/* Begin XCConfigurationList section */
		A1000100253D000000000000 /* Build configuration list for PBXNativeTarget "Bartidy" */ = {
			isa = XCConfigurationList;
			buildConfigurations = (
				A1000104253D000000000000 /* Debug */,
				A1000105253D000000000000 /* Release */,
			);
			defaultConfigurationIsVisible = 0;
			defaultConfigurationName = Release;
		};
		A1000101253D000000000000 /* Build configuration list for PBXProject "Bartidy" */ = {
			isa = XCConfigurationList;
			buildConfigurations = (
				A1000102253D000000000000 /* Debug */,
				A1000103253D000000000000 /* Release */,
			);
			defaultConfigurationIsVisible = 0;
			defaultConfigurationName = Release;
		};
		T1000100253D000000000000 /* Build configuration list for PBXNativeTarget "BartidyTests" */ = {
			isa = XCConfigurationList;
			buildConfigurations = (
				T1000104253D000000000000 /* Debug */,
				T1000105253D000000000000 /* Release */,
			);
			defaultConfigurationIsVisible = 0;
			defaultConfigurationName = Release;
		};
/* End XCConfigurationList section */

/* Begin XCRemoteSwiftPackageReference section */
		300D533F2F921D1F005ED88E /* XCRemoteSwiftPackageReference "Sparkle" */ = {
			isa = XCRemoteSwiftPackageReference;
			repositoryURL = "https://github.com/sparkle-project/Sparkle";
			requirement = {
				kind = upToNextMajorVersion;
				minimumVersion = 2.9.1;
			};
		};
/* End XCRemoteSwiftPackageReference section */

/* Begin XCSwiftPackageProductDependency section */
		300D53412F921E69005ED88E /* Sparkle */ = {
			isa = XCSwiftPackageProductDependency;
			package = 300D533F2F921D1F005ED88E /* XCRemoteSwiftPackageReference "Sparkle" */;
			productName = Sparkle;
		};
/* End XCSwiftPackageProductDependency section */
	};
	rootObject = A10000FE253D000000000000 /* Project object */;
}
